
Microsoft Visual Studio Solution File, Format Version 12.00
# Visual Studio Version 17
VisualStudioVersion = 17.10.35013.160
MinimumVisualStudioVersion = 10.0.40219.1
Project("{9A19103F-16F7-4668-BE54-9A1E7A4F7556}") = "HotelBookingApi", "HotelBookingApi.csproj", "{E03D5789-BB55-4F29-AC85-AB0394F5B85F}"
EndProject
Project("{FAE04EC0-301F-11D3-BF4B-00C04F79EFBC}") = "HotelBookingApi.Tests", "HotelBookingApi.Tests\HotelBookingApi.Tests.csproj", "{44CA21AD-3340-4422-AB1C-FDFDF564F060}"
EndProject
Global
	GlobalSection(SolutionConfigurationPlatforms) = preSolution
		Debug|Any CPU = Debug|Any CPU
		Release|Any CPU = Release|Any CPU
	EndGlobalSection
	GlobalSection(ProjectConfigurationPlatforms) = postSolution
		{E03D5789-BB55-4F29-AC85-AB0394F5B85F}.Debug|Any CPU.ActiveCfg = Debug|Any CPU
		{E03D5789-BB55-4F29-AC85-AB0394F5B85F}.Debug|Any CPU.Build.0 = Debug|Any CPU
		{E03D5789-BB55-4F29-AC85-AB0394F5B85F}.Release|Any CPU.ActiveCfg = Release|Any CPU
		{E03D5789-BB55-4F29-AC85-AB0394F5B85F}.Release|Any CPU.Build.0 = Release|Any CPU
		{44CA21AD-3340-4422-AB1C-FDFDF564F060}.Debug|Any CPU.ActiveCfg = Debug|Any CPU
		{44CA21AD-3340-4422-AB1C-FDFDF564F060}.Debug|Any CPU.Build.0 = Debug|Any CPU
		{44CA21AD-3340-4422-AB1C-FDFDF564F060}.Release|Any CPU.ActiveCfg = Release|Any CPU
		{44CA21AD-3340-4422-AB1C-FDFDF564F060}.Release|Any CPU.Build.0 = Release|Any CPU
	EndGlobalSection
	GlobalSection(SolutionProperties) = preSolution
		HideSolutionNode = FALSE
	EndGlobalSection
	GlobalSection(ExtensibilityGlobals) = postSolution
		SolutionGuid = {9B5E567A-0847-4FC2-8E6B-D4960E5E8FAE}
	EndGlobalSection
EndGlobal
